
Microsoft Visual Studio Solution File, Format Version 12.00
# Visual Studio 15
VisualStudioVersion = 15.0.27130.2026
MinimumVisualStudioVersion = 10.0.40219.1
Project("{FAE04EC0-301F-11D3-BF4B-00C04F79EFBC}") = "UnitTests", "UnitTests\UnitTests.csproj", "{5A378134-7447-4749-A3BA-39EB040C9952}"
EndProject
Project("{FAE04EC0-301F-11D3-BF4B-00C04F79EFBC}") = "mArrayList", "SPO_CS\mArrayList.csproj", "{DD3FDC30-C146-42A2-A79C-BC8FF5C430C9}"
EndProject
Project("{FAE04EC0-301F-11D3-BF4B-00C04F79EFBC}") = "mDebug", "SPO_CS\mDebug.csproj", "{ED729FEC-2C11-447D-BDB0-E9140F4CCA81}"
EndProject
Project("{FAE04EC0-301F-11D3-BF4B-00C04F79EFBC}") = "mIL_AST", "SPO_CS\mIL_AST.csproj", "{ACF94876-DEC8-4AF6-9710-E8D6B72E8AC6}"
EndProject
Project("{FAE04EC0-301F-11D3-BF4B-00C04F79EFBC}") = "mIL_Interpreter", "SPO_CS\mIL_Interpreter.csproj", "{E94AC322-93D6-4F9A-87DF-E78C5A6966BC}"
EndProject
Project("{FAE04EC0-301F-11D3-BF4B-00C04F79EFBC}") = "mIL_Parser", "SPO_CS\mIL_Parser.csproj", "{F4C65A3D-186F-4C69-A294-F9E8AA3F63C0}"
EndProject
Project("{FAE04EC0-301F-11D3-BF4B-00C04F79EFBC}") = "mList", "SPO_CS\mList.csproj", "{8B49080B-B746-4493-922B-86E28DC61890}"
EndProject
Project("{FAE04EC0-301F-11D3-BF4B-00C04F79EFBC}") = "mMap", "SPO_CS\mMap.csproj", "{7B0031FF-2277-44CB-916A-0F41F71D8963}"
EndProject
Project("{FAE04EC0-301F-11D3-BF4B-00C04F79EFBC}") = "mMath", "SPO_CS\mMath.csproj", "{AA06D4F4-790D-43D8-A90E-BC5AB801044D}"
EndProject
Project("{FAE04EC0-301F-11D3-BF4B-00C04F79EFBC}") = "mParserGen", "SPO_CS\mParserGen.csproj", "{4EB10985-99BA-4672-A522-7167425FDF24}"
EndProject
Project("{FAE04EC0-301F-11D3-BF4B-00C04F79EFBC}") = "mRunTests", "SPO_CS\mRunTests.csproj", "{5483855E-53E3-4907-83CB-F5CA2BC889A0}"
EndProject
Project("{FAE04EC0-301F-11D3-BF4B-00C04F79EFBC}") = "mSPO_AST", "SPO_CS\mSPO_AST.csproj", "{D0A5C13A-CD05-4BB7-BA16-835285CD4AF8}"
EndProject
Project("{FAE04EC0-301F-11D3-BF4B-00C04F79EFBC}") = "mSPO_Interpreter", "SPO_CS\mSPO_Interpreter.csproj", "{FD08D8A0-C590-4088-8A10-EA8123F77F21}"
EndProject
Project("{FAE04EC0-301F-11D3-BF4B-00C04F79EFBC}") = "mSPO_Parser", "SPO_CS\mSPO_Parser.csproj", "{62D49E37-CC1A-4F34-BBE8-DD4294FF01B3}"
EndProject
Project("{FAE04EC0-301F-11D3-BF4B-00C04F79EFBC}") = "mSPO2IL", "SPO_CS\mSPO2IL.csproj", "{9D12AE34-5293-40F0-944C-58C170971F7A}"
EndProject
Project("{FAE04EC0-301F-11D3-BF4B-00C04F79EFBC}") = "mStd", "SPO_CS\mStd.csproj", "{E78AED28-FA01-418A-8FC2-82D736914D9B}"
EndProject
Project("{FAE04EC0-301F-11D3-BF4B-00C04F79EFBC}") = "mStdLib", "SPO_CS\mStdLib.csproj", "{6001D64B-E2C9-4AFE-A655-A35828838E5D}"
EndProject
Project("{FAE04EC0-301F-11D3-BF4B-00C04F79EFBC}") = "mTest", "SPO_CS\mTest.csproj", "{9781885A-E193-40D8-AEA0-1174D6A0C807}"
EndProject
Project("{FAE04EC0-301F-11D3-BF4B-00C04F79EFBC}") = "mTextParser", "SPO_CS\mTextParser.csproj", "{536578C5-9327-407F-9F65-3144A6B3D41A}"
EndProject
Project("{FAE04EC0-301F-11D3-BF4B-00C04F79EFBC}") = "mVM", "SPO_CS\mVM.csproj", "{16F316AB-CDA2-444E-9D43-9765A678073E}"
EndProject
Project("{FAE04EC0-301F-11D3-BF4B-00C04F79EFBC}") = "mVM_Data", "SPO_CS\mVM_Data.csproj", "{7DA28646-F50F-4BBD-AAD5-D624A9501864}"
EndProject
Project("{FAE04EC0-301F-11D3-BF4B-00C04F79EFBC}") = "mVM_Type", "SPO_CS\mVM_Type.csproj", "{818D6BB0-CE33-4C42-8AC5-D2C07DE8B975}"
EndProject
Project("{FAE04EC0-301F-11D3-BF4B-00C04F79EFBC}") = "mIL_Tokenizer", "SPO_CS\mIL_Tokenizer.csproj", "{EABC4852-8577-43EF-B3AC-5D75015EDC9B}"
EndProject
Global
	GlobalSection(SolutionConfigurationPlatforms) = preSolution
		Debug|Any CPU = Debug|Any CPU
		Release|Any CPU = Release|Any CPU
	EndGlobalSection
	GlobalSection(ProjectConfigurationPlatforms) = postSolution
		{5A378134-7447-4749-A3BA-39EB040C9952}.Debug|Any CPU.ActiveCfg = Debug|Any CPU
		{5A378134-7447-4749-A3BA-39EB040C9952}.Debug|Any CPU.Build.0 = Debug|Any CPU
		{5A378134-7447-4749-A3BA-39EB040C9952}.Release|Any CPU.ActiveCfg = Release|Any CPU
		{5A378134-7447-4749-A3BA-39EB040C9952}.Release|Any CPU.Build.0 = Release|Any CPU
		{DD3FDC30-C146-42A2-A79C-BC8FF5C430C9}.Debug|Any CPU.ActiveCfg = Debug|Any CPU
		{DD3FDC30-C146-42A2-A79C-BC8FF5C430C9}.Debug|Any CPU.Build.0 = Debug|Any CPU
		{DD3FDC30-C146-42A2-A79C-BC8FF5C430C9}.Release|Any CPU.ActiveCfg = Release|Any CPU
		{DD3FDC30-C146-42A2-A79C-BC8FF5C430C9}.Release|Any CPU.Build.0 = Release|Any CPU
		{ED729FEC-2C11-447D-BDB0-E9140F4CCA81}.Debug|Any CPU.ActiveCfg = Debug|Any CPU
		{ED729FEC-2C11-447D-BDB0-E9140F4CCA81}.Debug|Any CPU.Build.0 = Debug|Any CPU
		{ED729FEC-2C11-447D-BDB0-E9140F4CCA81}.Release|Any CPU.ActiveCfg = Release|Any CPU
		{ED729FEC-2C11-447D-BDB0-E9140F4CCA81}.Release|Any CPU.Build.0 = Release|Any CPU
		{ACF94876-DEC8-4AF6-9710-E8D6B72E8AC6}.Debug|Any CPU.ActiveCfg = Debug|Any CPU
		{ACF94876-DEC8-4AF6-9710-E8D6B72E8AC6}.Debug|Any CPU.Build.0 = Debug|Any CPU
		{ACF94876-DEC8-4AF6-9710-E8D6B72E8AC6}.Release|Any CPU.ActiveCfg = Release|Any CPU
		{ACF94876-DEC8-4AF6-9710-E8D6B72E8AC6}.Release|Any CPU.Build.0 = Release|Any CPU
		{E94AC322-93D6-4F9A-87DF-E78C5A6966BC}.Debug|Any CPU.ActiveCfg = Debug|Any CPU
		{E94AC322-93D6-4F9A-87DF-E78C5A6966BC}.Debug|Any CPU.Build.0 = Debug|Any CPU
		{E94AC322-93D6-4F9A-87DF-E78C5A6966BC}.Release|Any CPU.ActiveCfg = Release|Any CPU
		{E94AC322-93D6-4F9A-87DF-E78C5A6966BC}.Release|Any CPU.Build.0 = Release|Any CPU
		{F4C65A3D-186F-4C69-A294-F9E8AA3F63C0}.Debug|Any CPU.ActiveCfg = Debug|Any CPU
		{F4C65A3D-186F-4C69-A294-F9E8AA3F63C0}.Debug|Any CPU.Build.0 = Debug|Any CPU
		{F4C65A3D-186F-4C69-A294-F9E8AA3F63C0}.Release|Any CPU.ActiveCfg = Release|Any CPU
		{F4C65A3D-186F-4C69-A294-F9E8AA3F63C0}.Release|Any CPU.Build.0 = Release|Any CPU
		{8B49080B-B746-4493-922B-86E28DC61890}.Debug|Any CPU.ActiveCfg = Debug|Any CPU
		{8B49080B-B746-4493-922B-86E28DC61890}.Debug|Any CPU.Build.0 = Debug|Any CPU
		{8B49080B-B746-4493-922B-86E28DC61890}.Release|Any CPU.ActiveCfg = Release|Any CPU
		{8B49080B-B746-4493-922B-86E28DC61890}.Release|Any CPU.Build.0 = Release|Any CPU
		{7B0031FF-2277-44CB-916A-0F41F71D8963}.Debug|Any CPU.ActiveCfg = Debug|Any CPU
		{7B0031FF-2277-44CB-916A-0F41F71D8963}.Debug|Any CPU.Build.0 = Debug|Any CPU
		{7B0031FF-2277-44CB-916A-0F41F71D8963}.Release|Any CPU.ActiveCfg = Release|Any CPU
		{7B0031FF-2277-44CB-916A-0F41F71D8963}.Release|Any CPU.Build.0 = Release|Any CPU
		{AA06D4F4-790D-43D8-A90E-BC5AB801044D}.Debug|Any CPU.ActiveCfg = Debug|Any CPU
		{AA06D4F4-790D-43D8-A90E-BC5AB801044D}.Debug|Any CPU.Build.0 = Debug|Any CPU
		{AA06D4F4-790D-43D8-A90E-BC5AB801044D}.Release|Any CPU.ActiveCfg = Release|Any CPU
		{AA06D4F4-790D-43D8-A90E-BC5AB801044D}.Release|Any CPU.Build.0 = Release|Any CPU
		{4EB10985-99BA-4672-A522-7167425FDF24}.Debug|Any CPU.ActiveCfg = Debug|Any CPU
		{4EB10985-99BA-4672-A522-7167425FDF24}.Debug|Any CPU.Build.0 = Debug|Any CPU
		{4EB10985-99BA-4672-A522-7167425FDF24}.Release|Any CPU.ActiveCfg = Release|Any CPU
		{4EB10985-99BA-4672-A522-7167425FDF24}.Release|Any CPU.Build.0 = Release|Any CPU
		{5483855E-53E3-4907-83CB-F5CA2BC889A0}.Debug|Any CPU.ActiveCfg = Debug|Any CPU
		{5483855E-53E3-4907-83CB-F5CA2BC889A0}.Debug|Any CPU.Build.0 = Debug|Any CPU
		{5483855E-53E3-4907-83CB-F5CA2BC889A0}.Release|Any CPU.ActiveCfg = Release|Any CPU
		{5483855E-53E3-4907-83CB-F5CA2BC889A0}.Release|Any CPU.Build.0 = Release|Any CPU
		{D0A5C13A-CD05-4BB7-BA16-835285CD4AF8}.Debug|Any CPU.ActiveCfg = Debug|Any CPU
		{D0A5C13A-CD05-4BB7-BA16-835285CD4AF8}.Debug|Any CPU.Build.0 = Debug|Any CPU
		{D0A5C13A-CD05-4BB7-BA16-835285CD4AF8}.Release|Any CPU.ActiveCfg = Release|Any CPU
		{D0A5C13A-CD05-4BB7-BA16-835285CD4AF8}.Release|Any CPU.Build.0 = Release|Any CPU
		{FD08D8A0-C590-4088-8A10-EA8123F77F21}.Debug|Any CPU.ActiveCfg = Debug|Any CPU
		{FD08D8A0-C590-4088-8A10-EA8123F77F21}.Debug|Any CPU.Build.0 = Debug|Any CPU
		{FD08D8A0-C590-4088-8A10-EA8123F77F21}.Release|Any CPU.ActiveCfg = Release|Any CPU
		{FD08D8A0-C590-4088-8A10-EA8123F77F21}.Release|Any CPU.Build.0 = Release|Any CPU
		{62D49E37-CC1A-4F34-BBE8-DD4294FF01B3}.Debug|Any CPU.ActiveCfg = Debug|Any CPU
		{62D49E37-CC1A-4F34-BBE8-DD4294FF01B3}.Debug|Any CPU.Build.0 = Debug|Any CPU
		{62D49E37-CC1A-4F34-BBE8-DD4294FF01B3}.Release|Any CPU.ActiveCfg = Release|Any CPU
		{62D49E37-CC1A-4F34-BBE8-DD4294FF01B3}.Release|Any CPU.Build.0 = Release|Any CPU
		{9D12AE34-5293-40F0-944C-58C170971F7A}.Debug|Any CPU.ActiveCfg = Debug|Any CPU
		{9D12AE34-5293-40F0-944C-58C170971F7A}.Debug|Any CPU.Build.0 = Debug|Any CPU
		{9D12AE34-5293-40F0-944C-58C170971F7A}.Release|Any CPU.ActiveCfg = Release|Any CPU
		{9D12AE34-5293-40F0-944C-58C170971F7A}.Release|Any CPU.Build.0 = Release|Any CPU
		{E78AED28-FA01-418A-8FC2-82D736914D9B}.Debug|Any CPU.ActiveCfg = Debug|Any CPU
		{E78AED28-FA01-418A-8FC2-82D736914D9B}.Debug|Any CPU.Build.0 = Debug|Any CPU
		{E78AED28-FA01-418A-8FC2-82D736914D9B}.Release|Any CPU.ActiveCfg = Release|Any CPU
		{E78AED28-FA01-418A-8FC2-82D736914D9B}.Release|Any CPU.Build.0 = Release|Any CPU
		{6001D64B-E2C9-4AFE-A655-A35828838E5D}.Debug|Any CPU.ActiveCfg = Debug|Any CPU
		{6001D64B-E2C9-4AFE-A655-A35828838E5D}.Debug|Any CPU.Build.0 = Debug|Any CPU
		{6001D64B-E2C9-4AFE-A655-A35828838E5D}.Release|Any CPU.ActiveCfg = Release|Any CPU
		{6001D64B-E2C9-4AFE-A655-A35828838E5D}.Release|Any CPU.Build.0 = Release|Any CPU
		{9781885A-E193-40D8-AEA0-1174D6A0C807}.Debug|Any CPU.ActiveCfg = Debug|Any CPU
		{9781885A-E193-40D8-AEA0-1174D6A0C807}.Debug|Any CPU.Build.0 = Debug|Any CPU
		{9781885A-E193-40D8-AEA0-1174D6A0C807}.Release|Any CPU.ActiveCfg = Release|Any CPU
		{9781885A-E193-40D8-AEA0-1174D6A0C807}.Release|Any CPU.Build.0 = Release|Any CPU
		{536578C5-9327-407F-9F65-3144A6B3D41A}.Debug|Any CPU.ActiveCfg = Debug|Any CPU
		{536578C5-9327-407F-9F65-3144A6B3D41A}.Debug|Any CPU.Build.0 = Debug|Any CPU
		{536578C5-9327-407F-9F65-3144A6B3D41A}.Release|Any CPU.ActiveCfg = Release|Any CPU
		{536578C5-9327-407F-9F65-3144A6B3D41A}.Release|Any CPU.Build.0 = Release|Any CPU
		{16F316AB-CDA2-444E-9D43-9765A678073E}.Debug|Any CPU.ActiveCfg = Debug|Any CPU
		{16F316AB-CDA2-444E-9D43-9765A678073E}.Debug|Any CPU.Build.0 = Debug|Any CPU
		{16F316AB-CDA2-444E-9D43-9765A678073E}.Release|Any CPU.ActiveCfg = Release|Any CPU
		{16F316AB-CDA2-444E-9D43-9765A678073E}.Release|Any CPU.Build.0 = Release|Any CPU
		{7DA28646-F50F-4BBD-AAD5-D624A9501864}.Debug|Any CPU.ActiveCfg = Debug|Any CPU
		{7DA28646-F50F-4BBD-AAD5-D624A9501864}.Debug|Any CPU.Build.0 = Debug|Any CPU
		{7DA28646-F50F-4BBD-AAD5-D624A9501864}.Release|Any CPU.ActiveCfg = Release|Any CPU
		{7DA28646-F50F-4BBD-AAD5-D624A9501864}.Release|Any CPU.Build.0 = Release|Any CPU
		{818D6BB0-CE33-4C42-8AC5-D2C07DE8B975}.Debug|Any CPU.ActiveCfg = Debug|Any CPU
		{818D6BB0-CE33-4C42-8AC5-D2C07DE8B975}.Debug|Any CPU.Build.0 = Debug|Any CPU
		{818D6BB0-CE33-4C42-8AC5-D2C07DE8B975}.Release|Any CPU.ActiveCfg = Release|Any CPU
		{818D6BB0-CE33-4C42-8AC5-D2C07DE8B975}.Release|Any CPU.Build.0 = Release|Any CPU
		{EABC4852-8577-43EF-B3AC-5D75015EDC9B}.Debug|Any CPU.ActiveCfg = Debug|Any CPU
		{EABC4852-8577-43EF-B3AC-5D75015EDC9B}.Debug|Any CPU.Build.0 = Debug|Any CPU
		{EABC4852-8577-43EF-B3AC-5D75015EDC9B}.Release|Any CPU.ActiveCfg = Release|Any CPU
		{EABC4852-8577-43EF-B3AC-5D75015EDC9B}.Release|Any CPU.Build.0 = Release|Any CPU
	EndGlobalSection
	GlobalSection(SolutionProperties) = preSolution
		HideSolutionNode = FALSE
	EndGlobalSection
	GlobalSection(ExtensibilityGlobals) = postSolution
		SolutionGuid = {2F0C5BD5-1E33-45DA-8921-ECDD7E8C4481}
	EndGlobalSection
EndGlobal
