
Microsoft Visual Studio Solution File, Format Version 12.00
# Visual Studio 15
VisualStudioVersion = 15.0.27130.2026
MinimumVisualStudioVersion = 10.0.40219.1
Project("{FAE04EC0-301F-11D3-BF4B-00C04F79EFBC}") = "CheckDep", "CheckDep\CheckDep.csproj", "{FC8F69E6-18B9-4A32-8682-86F7BA047728}"
EndProject
Project("{FAE04EC0-301F-11D3-BF4B-00C04F79EFBC}") = "SPO", "SPO\SPO.csproj", "{B2A76F99-99FB-4A69-9D9A-39A6B6243A4F}"
EndProject
Project("{FAE04EC0-301F-11D3-BF4B-00C04F79EFBC}") = "SPO_CS", "SPO_CS\SPO_CS.csproj", "{5483855E-53E3-4907-83CB-F5CA2BC889A0}"
EndProject
Global
	GlobalSection(SolutionConfigurationPlatforms) = preSolution
		Debug|Any CPU = Debug|Any CPU
		Release|Any CPU = Release|Any CPU
	EndGlobalSection
	GlobalSection(ProjectConfigurationPlatforms) = postSolution
		{FC8F69E6-18B9-4A32-8682-86F7BA047728}.Debug|Any CPU.ActiveCfg = Debug|Any CPU
		{FC8F69E6-18B9-4A32-8682-86F7BA047728}.Debug|Any CPU.Build.0 = Debug|Any CPU
		{FC8F69E6-18B9-4A32-8682-86F7BA047728}.Release|Any CPU.ActiveCfg = Release|Any CPU
		{FC8F69E6-18B9-4A32-8682-86F7BA047728}.Release|Any CPU.Build.0 = Release|Any CPU
		{B2A76F99-99FB-4A69-9D9A-39A6B6243A4F}.Debug|Any CPU.ActiveCfg = Debug|Any CPU
		{B2A76F99-99FB-4A69-9D9A-39A6B6243A4F}.Debug|Any CPU.Build.0 = Debug|Any CPU
		{B2A76F99-99FB-4A69-9D9A-39A6B6243A4F}.Release|Any CPU.ActiveCfg = Release|Any CPU
		{B2A76F99-99FB-4A69-9D9A-39A6B6243A4F}.Release|Any CPU.Build.0 = Release|Any CPU
		{5483855E-53E3-4907-83CB-F5CA2BC889A0}.Debug|Any CPU.ActiveCfg = Debug|Any CPU
		{5483855E-53E3-4907-83CB-F5CA2BC889A0}.Debug|Any CPU.Build.0 = Debug|Any CPU
		{5483855E-53E3-4907-83CB-F5CA2BC889A0}.Release|Any CPU.ActiveCfg = Release|Any CPU
		{5483855E-53E3-4907-83CB-F5CA2BC889A0}.Release|Any CPU.Build.0 = Release|Any CPU
	EndGlobalSection
	GlobalSection(SolutionProperties) = preSolution
		HideSolutionNode = FALSE
	EndGlobalSection
	GlobalSection(ExtensibilityGlobals) = postSolution
		SolutionGuid = {2F0C5BD5-1E33-45DA-8921-ECDD7E8C4481}
	EndGlobalSection
EndGlobal
